
Microsoft Visual Studio Solution File, Format Version 12.00
# Visual Studio Version 17
VisualStudioVersion = 17.2.32630.192
MinimumVisualStudioVersion = 10.0.40219.1
Project("{FAE04EC0-301F-11D3-BF4B-00C04F79EFBC}") = "DatabaseWebAPI", "DatabaseWebAPI\DatabaseWebAPI.csproj", "{67CA551F-49C1-4EE4-BE50-55A16CBA8A8A}"
EndProject
Project("{FAE04EC0-301F-11D3-BF4B-00C04F79EFBC}") = "WebGUI", "WebGUI\WebGUI.csproj", "{87F727B5-D76F-451A-99B0-8F249919AC1D}"
EndProject
Global
	GlobalSection(SolutionConfigurationPlatforms) = preSolution
		Debug|Any CPU = Debug|Any CPU
		Release|Any CPU = Release|Any CPU
	EndGlobalSection
	GlobalSection(ProjectConfigurationPlatforms) = postSolution
		{67CA551F-49C1-4EE4-BE50-55A16CBA8A8A}.Debug|Any CPU.ActiveCfg = Debug|Any CPU
		{67CA551F-49C1-4EE4-BE50-55A16CBA8A8A}.Debug|Any CPU.Build.0 = Debug|Any CPU
		{67CA551F-49C1-4EE4-BE50-55A16CBA8A8A}.Release|Any CPU.ActiveCfg = Release|Any CPU
		{67CA551F-49C1-4EE4-BE50-55A16CBA8A8A}.Release|Any CPU.Build.0 = Release|Any CPU
		{87F727B5-D76F-451A-99B0-8F249919AC1D}.Debug|Any CPU.ActiveCfg = Debug|Any CPU
		{87F727B5-D76F-451A-99B0-8F249919AC1D}.Debug|Any CPU.Build.0 = Debug|Any CPU
		{87F727B5-D76F-451A-99B0-8F249919AC1D}.Release|Any CPU.ActiveCfg = Release|Any CPU
		{87F727B5-D76F-451A-99B0-8F249919AC1D}.Release|Any CPU.Build.0 = Release|Any CPU
	EndGlobalSection
	GlobalSection(SolutionProperties) = preSolution
		HideSolutionNode = FALSE
	EndGlobalSection
	GlobalSection(ExtensibilityGlobals) = postSolution
		SolutionGuid = {7DDFE0C8-BC53-4CF7-976A-DDBAF5801787}
	EndGlobalSection
EndGlobal
